// !$*UTF8*$!
{
	archiveVersion = 1;
	classes = {
	};
	objectVersion = 50;
	objects = {

/* Begin PBXBuildFile section */
		DC4B295424B4EDBF000FA348 /* AppDelegate.swift in Sources */ = {isa = PBXBuildFile; fileRef = DC4B295324B4EDBF000FA348 /* AppDelegate.swift */; };
		DC4B295624B4EDBF000FA348 /* SceneDelegate.swift in Sources */ = {isa = PBXBuildFile; fileRef = DC4B295524B4EDBF000FA348 /* SceneDelegate.swift */; };
		DC4B295824B4EDBF000FA348 /* MainVC.swift in Sources */ = {isa = PBXBuildFile; fileRef = DC4B295724B4EDBF000FA348 /* MainVC.swift */; };
		DC4B295B24B4EDBF000FA348 /* Main.storyboard in Resources */ = {isa = PBXBuildFile; fileRef = DC4B295924B4EDBF000FA348 /* Main.storyboard */; };
		DC4B295D24B4EDC1000FA348 /* Assets.xcassets in Resources */ = {isa = PBXBuildFile; fileRef = DC4B295C24B4EDC1000FA348 /* Assets.xcassets */; };
		DC4B296024B4EDC1000FA348 /* LaunchScreen.storyboard in Resources */ = {isa = PBXBuildFile; fileRef = DC4B295E24B4EDC1000FA348 /* LaunchScreen.storyboard */; };
		DC4B296B24B4F7F1000FA348 /* RoundedCalcButton.swift in Sources */ = {isa = PBXBuildFile; fileRef = DC4B296A24B4F7F1000FA348 /* RoundedCalcButton.swift */; };
		DCD96F3C24B5592D008194F8 /* Calculator.swift in Sources */ = {isa = PBXBuildFile; fileRef = DCD96F3B24B5592D008194F8 /* Calculator.swift */; };
		DCD96F3E24B55BAF008194F8 /* HelperFunctions.swift in Sources */ = {isa = PBXBuildFile; fileRef = DCD96F3D24B55BAF008194F8 /* HelperFunctions.swift */; };
/* End PBXBuildFile section */

/* Begin PBXFileReference section */
		DC4B295024B4EDBF000FA348 /* ModernCalc.app */ = {isa = PBXFileReference; explicitFileType = wrapper.application; includeInIndex = 0; path = ModernCalc.app; sourceTree = BUILT_PRODUCTS_DIR; };
		DC4B295324B4EDBF000FA348 /* AppDelegate.swift */ = {isa = PBXFileReference; lastKnownFileType = sourcecode.swift; path = AppDelegate.swift; sourceTree = "<group>"; };
		DC4B295524B4EDBF000FA348 /* SceneDelegate.swift */ = {isa = PBXFileReference; lastKnownFileType = sourcecode.swift; path = SceneDelegate.swift; sourceTree = "<group>"; };
		DC4B295724B4EDBF000FA348 /* MainVC.swift */ = {isa = PBXFileReference; lastKnownFileType = sourcecode.swift; path = MainVC.swift; sourceTree = "<group>"; };
		DC4B295A24B4EDBF000FA348 /* Base */ = {isa = PBXFileReference; lastKnownFileType = file.storyboard; name = Base; path = Base.lproj/Main.storyboard; sourceTree = "<group>"; };
		DC4B295C24B4EDC1000FA348 /* Assets.xcassets */ = {isa = PBXFileReference; lastKnownFileType = folder.assetcatalog; path = Assets.xcassets; sourceTree = "<group>"; };
		DC4B295F24B4EDC1000FA348 /* Base */ = {isa = PBXFileReference; lastKnownFileType = file.storyboard; name = Base; path = Base.lproj/LaunchScreen.storyboard; sourceTree = "<group>"; };
		DC4B296124B4EDC1000FA348 /* Info.plist */ = {isa = PBXFileReference; lastKnownFileType = text.plist.xml; path = Info.plist; sourceTree = "<group>"; };
		DC4B296A24B4F7F1000FA348 /* RoundedCalcButton.swift */ = {isa = PBXFileReference; lastKnownFileType = sourcecode.swift; path = RoundedCalcButton.swift; sourceTree = "<group>"; };
		DCD96F3B24B5592D008194F8 /* Calculator.swift */ = {isa = PBXFileReference; lastKnownFileType = sourcecode.swift; path = Calculator.swift; sourceTree = "<group>"; };
		DCD96F3D24B55BAF008194F8 /* HelperFunctions.swift */ = {isa = PBXFileReference; lastKnownFileType = sourcecode.swift; path = HelperFunctions.swift; sourceTree = "<group>"; };
/* End PBXFileReference section */

/* Begin PBXFrameworksBuildPhase section */
		DC4B294D24B4EDBF000FA348 /* Frameworks */ = {
			isa = PBXFrameworksBuildPhase;
			buildActionMask = 2147483647;
			files = (
			);
			runOnlyForDeploymentPostprocessing = 0;
		};
/* End PBXFrameworksBuildPhase section */

/* Begin PBXGroup section */
		DC4B294724B4EDBF000FA348 = {
			isa = PBXGroup;
			children = (
				DC4B295224B4EDBF000FA348 /* ModernCalc */,
				DC4B295124B4EDBF000FA348 /* Products */,
			);
			sourceTree = "<group>";
		};
		DC4B295124B4EDBF000FA348 /* Products */ = {
			isa = PBXGroup;
			children = (
				DC4B295024B4EDBF000FA348 /* ModernCalc.app */,
			);
			name = Products;
			sourceTree = "<group>";
		};
		DC4B295224B4EDBF000FA348 /* ModernCalc */ = {
			isa = PBXGroup;
			children = (
				DC4B296924B4EE3E000FA348 /* View */,
				DC4B296824B4EE38000FA348 /* Model */,
				DC4B296724B4EE30000FA348 /* Controller */,
				DC4B295324B4EDBF000FA348 /* AppDelegate.swift */,
				DC4B295524B4EDBF000FA348 /* SceneDelegate.swift */,
				DC4B295924B4EDBF000FA348 /* Main.storyboard */,
				DC4B295C24B4EDC1000FA348 /* Assets.xcassets */,
				DC4B295E24B4EDC1000FA348 /* LaunchScreen.storyboard */,
				DC4B296124B4EDC1000FA348 /* Info.plist */,
			);
			path = ModernCalc;
			sourceTree = "<group>";
		};
		DC4B296724B4EE30000FA348 /* Controller */ = {
			isa = PBXGroup;
			children = (
				DC4B295724B4EDBF000FA348 /* MainVC.swift */,
			);
			path = Controller;
			sourceTree = "<group>";
		};
		DC4B296824B4EE38000FA348 /* Model */ = {
			isa = PBXGroup;
			children = (
				DCD96F3B24B5592D008194F8 /* Calculator.swift */,
				DCD96F3D24B55BAF008194F8 /* HelperFunctions.swift */,
			);
			path = Model;
			sourceTree = "<group>";
		};
		DC4B296924B4EE3E000FA348 /* View */ = {
			isa = PBXGroup;
			children = (
				DC4B296A24B4F7F1000FA348 /* RoundedCalcButton.swift */,
			);
			path = View;
			sourceTree = "<group>";
		};
/* End PBXGroup section */

/* Begin PBXNativeTarget section */
		DC4B294F24B4EDBF000FA348 /* ModernCalc */ = {
			isa = PBXNativeTarget;
			buildConfigurationList = DC4B296424B4EDC1000FA348 /* Build configuration list for PBXNativeTarget "ModernCalc" */;
			buildPhases = (
				DC4B294C24B4EDBF000FA348 /* Sources */,
				DC4B294D24B4EDBF000FA348 /* Frameworks */,
				DC4B294E24B4EDBF000FA348 /* Resources */,
			);
			buildRules = (
			);
			dependencies = (
			);
			name = ModernCalc;
			productName = ModernCalc;
			productReference = DC4B295024B4EDBF000FA348 /* ModernCalc.app */;
			productType = "com.apple.product-type.application";
		};
/* End PBXNativeTarget section */

/* Begin PBXProject section */
		DC4B294824B4EDBF000FA348 /* Project object */ = {
			isa = PBXProject;
			attributes = {
				LastSwiftUpdateCheck = 1150;
				LastUpgradeCheck = 1150;
				ORGANIZATIONNAME = "Adrian Galecki";
				TargetAttributes = {
					DC4B294F24B4EDBF000FA348 = {
						CreatedOnToolsVersion = 11.5;
					};
				};
			};
			buildConfigurationList = DC4B294B24B4EDBF000FA348 /* Build configuration list for PBXProject "ModernCalc" */;
			compatibilityVersion = "Xcode 9.3";
			developmentRegion = en;
			hasScannedForEncodings = 0;
			knownRegions = (
				en,
				Base,
			);
			mainGroup = DC4B294724B4EDBF000FA348;
			productRefGroup = DC4B295124B4EDBF000FA348 /* Products */;
			projectDirPath = "";
			projectRoot = "";
			targets = (
				DC4B294F24B4EDBF000FA348 /* ModernCalc */,
			);
		};
/* End PBXProject section */

/* Begin PBXResourcesBuildPhase section */
		DC4B294E24B4EDBF000FA348 /* Resources */ = {
			isa = PBXResourcesBuildPhase;
			buildActionMask = 2147483647;
			files = (
				DC4B296024B4EDC1000FA348 /* LaunchScreen.storyboard in Resources */,
				DC4B295D24B4EDC1000FA348 /* Assets.xcassets in Resources */,
				DC4B295B24B4EDBF000FA348 /* Main.storyboard in Resources */,
			);
			runOnlyForDeploymentPostprocessing = 0;
		};
/* End PBXResourcesBuildPhase section */

/* Begin PBXSourcesBuildPhase section */
		DC4B294C24B4EDBF000FA348 /* Sources */ = {
			isa = PBXSourcesBuildPhase;
			buildActionMask = 2147483647;
			files = (
				DC4B295824B4EDBF000FA348 /* MainVC.swift in Sources */,
				DC4B295424B4EDBF000FA348 /* AppDelegate.swift in Sources */,
				DC4B296B24B4F7F1000FA348 /* RoundedCalcButton.swift in Sources */,
				DCD96F3C24B5592D008194F8 /* Calculator.swift in Sources */,
				DC4B295624B4EDBF000FA348 /* SceneDelegate.swift in Sources */,
				DCD96F3E24B55BAF008194F8 /* HelperFunctions.swift in Sources */,
			);
			runOnlyForDeploymentPostprocessing = 0;
		};
/* End PBXSourcesBuildPhase section */

/* Begin PBXVariantGroup section */
		DC4B295924B4EDBF000FA348 /* Main.storyboard */ = {
			isa = PBXVariantGroup;
			children = (
				DC4B295A24B4EDBF000FA348 /* Base */,
			);
			name = Main.storyboard;
			sourceTree = "<group>";
		};
		DC4B295E24B4EDC1000FA348 /* LaunchScreen.storyboard */ = {
			isa = PBXVariantGroup;
			children = (
				DC4B295F24B4EDC1000FA348 /* Base */,
			);
			name = LaunchScreen.storyboard;
			sourceTree = "<group>";
		};
/* End PBXVariantGroup section */

/* Begin XCBuildConfiguration section */
		DC4B296224B4EDC1000FA348 /* Debug */ = {
			isa = XCBuildConfiguration;
			buildSettings = {
				ALWAYS_SEARCH_USER_PATHS = NO;
				CLANG_ANALYZER_NONNULL = YES;
				CLANG_ANALYZER_NUMBER_OBJECT_CONVERSION = YES_AGGRESSIVE;
				CLANG_CXX_LANGUAGE_STANDARD = "gnu++14";
				CLANG_CXX_LIBRARY = "libc++";
				CLANG_ENABLE_MODULES = YES;
				CLANG_ENABLE_OBJC_ARC = YES;
				CLANG_ENABLE_OBJC_WEAK = YES;
				CLANG_WARN_BLOCK_CAPTURE_AUTORELEASING = YES;
				CLANG_WARN_BOOL_CONVERSION = YES;
				CLANG_WARN_COMMA = YES;
				CLANG_WARN_CONSTANT_CONVERSION = YES;
				CLANG_WARN_DEPRECATED_OBJC_IMPLEMENTATIONS = YES;
				CLANG_WARN_DIRECT_OBJC_ISA_USAGE = YES_ERROR;
				CLANG_WARN_DOCUMENTATION_COMMENTS = YES;
				CLANG_WARN_EMPTY_BODY = YES;
				CLANG_WARN_ENUM_CONVERSION = YES;
				CLANG_WARN_INFINITE_RECURSION = YES;
				CLANG_WARN_INT_CONVERSION = YES;
				CLANG_WARN_NON_LITERAL_NULL_CONVERSION = YES;
				CLANG_WARN_OBJC_IMPLICIT_RETAIN_SELF = YES;
				CLANG_WARN_OBJC_LITERAL_CONVERSION = YES;
				CLANG_WARN_OBJC_ROOT_CLASS = YES_ERROR;
				CLANG_WARN_RANGE_LOOP_ANALYSIS = YES;
				CLANG_WARN_STRICT_PROTOTYPES = YES;
				CLANG_WARN_SUSPICIOUS_MOVE = YES;
				CLANG_WARN_UNGUARDED_AVAILABILITY = YES_AGGRESSIVE;
				CLANG_WARN_UNREACHABLE_CODE = YES;
				CLANG_WARN__DUPLICATE_METHOD_MATCH = YES;
				COPY_PHASE_STRIP = NO;
				DEBUG_INFORMATION_FORMAT = dwarf;
				ENABLE_STRICT_OBJC_MSGSEND = YES;
				ENABLE_TESTABILITY = YES;
				GCC_C_LANGUAGE_STANDARD = gnu11;
				GCC_DYNAMIC_NO_PIC = NO;
				GCC_NO_COMMON_BLOCKS = YES;
				GCC_OPTIMIZATION_LEVEL = 0;
				GCC_PREPROCESSOR_DEFINITIONS = (
					"DEBUG=1",
					"$(inherited)",
				);
				GCC_WARN_64_TO_32_BIT_CONVERSION = YES;
				GCC_WARN_ABOUT_RETURN_TYPE = YES_ERROR;
				GCC_WARN_UNDECLARED_SELECTOR = YES;
				GCC_WARN_UNINITIALIZED_AUTOS = YES_AGGRESSIVE;
				GCC_WARN_UNUSED_FUNCTION = YES;
				GCC_WARN_UNUSED_VARIABLE = YES;
				IPHONEOS_DEPLOYMENT_TARGET = 13.5;
				MTL_ENABLE_DEBUG_INFO = INCLUDE_SOURCE;
				MTL_FAST_MATH = YES;
				ONLY_ACTIVE_ARCH = YES;
				SDKROOT = iphoneos;
				SWIFT_ACTIVE_COMPILATION_CONDITIONS = DEBUG;
				SWIFT_OPTIMIZATION_LEVEL = "-Onone";
			};
			name = Debug;
		};
		DC4B296324B4EDC1000FA348 /* Release */ = {
			isa = XCBuildConfiguration;
			buildSettings = {
				ALWAYS_SEARCH_USER_PATHS = NO;
				CLANG_ANALYZER_NONNULL = YES;
				CLANG_ANALYZER_NUMBER_OBJECT_CONVERSION = YES_AGGRESSIVE;
				CLANG_CXX_LANGUAGE_STANDARD = "gnu++14";
				CLANG_CXX_LIBRARY = "libc++";
				CLANG_ENABLE_MODULES = YES;
				CLANG_ENABLE_OBJC_ARC = YES;
				CLANG_ENABLE_OBJC_WEAK = YES;
				CLANG_WARN_BLOCK_CAPTURE_AUTORELEASING = YES;
				CLANG_WARN_BOOL_CONVERSION = YES;
				CLANG_WARN_COMMA = YES;
				CLANG_WARN_CONSTANT_CONVERSION = YES;
				CLANG_WARN_DEPRECATED_OBJC_IMPLEMENTATIONS = YES;
				CLANG_WARN_DIRECT_OBJC_ISA_USAGE = YES_ERROR;
				CLANG_WARN_DOCUMENTATION_COMMENTS = YES;
				CLANG_WARN_EMPTY_BODY = YES;
				CLANG_WARN_ENUM_CONVERSION = YES;
				CLANG_WARN_INFINITE_RECURSION = YES;
				CLANG_WARN_INT_CONVERSION = YES;
				CLANG_WARN_NON_LITERAL_NULL_CONVERSION = YES;
				CLANG_WARN_OBJC_IMPLICIT_RETAIN_SELF = YES;
				CLANG_WARN_OBJC_LITERAL_CONVERSION = YES;
				CLANG_WARN_OBJC_ROOT_CLASS = YES_ERROR;
				CLANG_WARN_RANGE_LOOP_ANALYSIS = YES;
				CLANG_WARN_STRICT_PROTOTYPES = YES;
				CLANG_WARN_SUSPICIOUS_MOVE = YES;
				CLANG_WARN_UNGUARDED_AVAILABILITY = YES_AGGRESSIVE;
				CLANG_WARN_UNREACHABLE_CODE = YES;
				CLANG_WARN__DUPLICATE_METHOD_MATCH = YES;
				COPY_PHASE_STRIP = NO;
				DEBUG_INFORMATION_FORMAT = "dwarf-with-dsym";
				ENABLE_NS_ASSERTIONS = NO;
				ENABLE_STRICT_OBJC_MSGSEND = YES;
				GCC_C_LANGUAGE_STANDARD = gnu11;
				GCC_NO_COMMON_BLOCKS = YES;
				GCC_WARN_64_TO_32_BIT_CONVERSION = YES;
				GCC_WARN_ABOUT_RETURN_TYPE = YES_ERROR;
				GCC_WARN_UNDECLARED_SELECTOR = YES;
				GCC_WARN_UNINITIALIZED_AUTOS = YES_AGGRESSIVE;
				GCC_WARN_UNUSED_FUNCTION = YES;
				GCC_WARN_UNUSED_VARIABLE = YES;
				IPHONEOS_DEPLOYMENT_TARGET = 13.5;
				MTL_ENABLE_DEBUG_INFO = NO;
				MTL_FAST_MATH = YES;
				SDKROOT = iphoneos;
				SWIFT_COMPILATION_MODE = wholemodule;
				SWIFT_OPTIMIZATION_LEVEL = "-O";
				VALIDATE_PRODUCT = YES;
			};
			name = Release;
		};
		DC4B296524B4EDC1000FA348 /* Debug */ = {
			isa = XCBuildConfiguration;
			buildSettings = {
				ASSETCATALOG_COMPILER_APPICON_NAME = AppIcon;
				CODE_SIGN_STYLE = Automatic;
				DEVELOPMENT_TEAM = 93GCYU77NH;
				INFOPLIST_FILE = ModernCalc/Info.plist;
				LD_RUNPATH_SEARCH_PATHS = (
					"$(inherited)",
					"@executable_path/Frameworks",
				);
				PRODUCT_BUNDLE_IDENTIFIER = com.galecki.ModernCalc;
				PRODUCT_NAME = "$(TARGET_NAME)";
				SWIFT_VERSION = 5.0;
				TARGETED_DEVICE_FAMILY = "1,2";
			};
			name = Debug;
		};
		DC4B296624B4EDC1000FA348 /* Release */ = {
			isa = XCBuildConfiguration;
			buildSettings = {
				ASSETCATALOG_COMPILER_APPICON_NAME = AppIcon;
				CODE_SIGN_STYLE = Automatic;
				DEVELOPMENT_TEAM = 93GCYU77NH;
				INFOPLIST_FILE = ModernCalc/Info.plist;
				LD_RUNPATH_SEARCH_PATHS = (
					"$(inherited)",
					"@executable_path/Frameworks",
				);
				PRODUCT_BUNDLE_IDENTIFIER = com.galecki.ModernCalc;
				PRODUCT_NAME = "$(TARGET_NAME)";
				SWIFT_VERSION = 5.0;
				TARGETED_DEVICE_FAMILY = "1,2";
			};
			name = Release;
		};
/* End XCBuildConfiguration section */

/* Begin XCConfigurationList section */
		DC4B294B24B4EDBF000FA348 /* Build configuration list for PBXProject "ModernCalc" */ = {
			isa = XCConfigurationList;
			buildConfigurations = (
				DC4B296224B4EDC1000FA348 /* Debug */,
				DC4B296324B4EDC1000FA348 /* Release */,
			);
			defaultConfigurationIsVisible = 0;
			defaultConfigurationName = Release;
		};
		DC4B296424B4EDC1000FA348 /* Build configuration list for PBXNativeTarget "ModernCalc" */ = {
			isa = XCConfigurationList;
			buildConfigurations = (
				DC4B296524B4EDC1000FA348 /* Debug */,
				DC4B296624B4EDC1000FA348 /* Release */,
			);
			defaultConfigurationIsVisible = 0;
			defaultConfigurationName = Release;
		};
/* End XCConfigurationList section */
	};
	rootObject = DC4B294824B4EDBF000FA348 /* Project object */;
}
